
Microsoft Visual Studio Solution File, Format Version 12.00
# Visual Studio Version 16
VisualStudioVersion = 16.0.31129.286
MinimumVisualStudioVersion = 10.0.40219.1
Project("{FAE04EC0-301F-11D3-BF4B-00C04F79EFBC}") = "CalculadoraMoiTreino", "CalculadoraMoiTreino\CalculadoraMoiTreino.csproj", "{35954A11-3C83-451D-A609-4CE54AF5A78C}"
EndProject
Global
	GlobalSection(SolutionConfigurationPlatforms) = preSolution
		Debug|Any CPU = Debug|Any CPU
		Release|Any CPU = Release|Any CPU
	EndGlobalSection
	GlobalSection(ProjectConfigurationPlatforms) = postSolution
		{35954A11-3C83-451D-A609-4CE54AF5A78C}.Debug|Any CPU.ActiveCfg = Debug|Any CPU
		{35954A11-3C83-451D-A609-4CE54AF5A78C}.Debug|Any CPU.Build.0 = Debug|Any CPU
		{35954A11-3C83-451D-A609-4CE54AF5A78C}.Release|Any CPU.ActiveCfg = Release|Any CPU
		{35954A11-3C83-451D-A609-4CE54AF5A78C}.Release|Any CPU.Build.0 = Release|Any CPU
	EndGlobalSection
	GlobalSection(SolutionProperties) = preSolution
		HideSolutionNode = FALSE
	EndGlobalSection
	GlobalSection(ExtensibilityGlobals) = postSolution
		SolutionGuid = {3BECD28E-E3A2-4FF0-B929-5E66F6E0B876}
	EndGlobalSection
EndGlobal
